
Microsoft Visual Studio Solution File, Format Version 12.00
# Visual Studio Version 17
VisualStudioVersion = 17.0.31903.59
MinimumVisualStudioVersion = 10.0.40219.1
Project("{FAE04EC0-301F-11D3-BF4B-00C04F79EFBC}") = "Arq.Adapters", "Arq.Adapters\Arq.Adapters.csproj", "{EA19A91D-A34C-4FAA-A6BE-F72AF744409B}"
EndProject
Project("{FAE04EC0-301F-11D3-BF4B-00C04F79EFBC}") = "Arq.Application", "Arq.Application\Arq.Application.csproj", "{C09EE10A-5152-4C76-A24C-6AEF48FDC735}"
EndProject
Project("{FAE04EC0-301F-11D3-BF4B-00C04F79EFBC}") = "Arq.DependencyInjection", "Arq.DependencyInjection\Arq.DependencyInjection.csproj", "{9B010AE3-8884-4742-AD98-100F02876141}"
EndProject
Project("{FAE04EC0-301F-11D3-BF4B-00C04F79EFBC}") = "Arq.Infra", "Arq.Infra\Arq.Infra.csproj", "{6DEED55D-E967-4E8B-B4FA-ED08F4C916EC}"
EndProject
Project("{FAE04EC0-301F-11D3-BF4B-00C04F79EFBC}") = "Arq.UI", "Arq.UI\Arq.UI.csproj", "{7DA263D6-C172-4383-A02E-DB0614631D1B}"
EndProject
Global
	GlobalSection(SolutionConfigurationPlatforms) = preSolution
		Debug|Any CPU = Debug|Any CPU
		Release|Any CPU = Release|Any CPU
	EndGlobalSection
	GlobalSection(SolutionProperties) = preSolution
		HideSolutionNode = FALSE
	EndGlobalSection
	GlobalSection(ProjectConfigurationPlatforms) = postSolution
		{EA19A91D-A34C-4FAA-A6BE-F72AF744409B}.Debug|Any CPU.ActiveCfg = Debug|Any CPU
		{EA19A91D-A34C-4FAA-A6BE-F72AF744409B}.Debug|Any CPU.Build.0 = Debug|Any CPU
		{EA19A91D-A34C-4FAA-A6BE-F72AF744409B}.Release|Any CPU.ActiveCfg = Release|Any CPU
		{EA19A91D-A34C-4FAA-A6BE-F72AF744409B}.Release|Any CPU.Build.0 = Release|Any CPU
		{C09EE10A-5152-4C76-A24C-6AEF48FDC735}.Debug|Any CPU.ActiveCfg = Debug|Any CPU
		{C09EE10A-5152-4C76-A24C-6AEF48FDC735}.Debug|Any CPU.Build.0 = Debug|Any CPU
		{C09EE10A-5152-4C76-A24C-6AEF48FDC735}.Release|Any CPU.ActiveCfg = Release|Any CPU
		{C09EE10A-5152-4C76-A24C-6AEF48FDC735}.Release|Any CPU.Build.0 = Release|Any CPU
		{9B010AE3-8884-4742-AD98-100F02876141}.Debug|Any CPU.ActiveCfg = Debug|Any CPU
		{9B010AE3-8884-4742-AD98-100F02876141}.Debug|Any CPU.Build.0 = Debug|Any CPU
		{9B010AE3-8884-4742-AD98-100F02876141}.Release|Any CPU.ActiveCfg = Release|Any CPU
		{9B010AE3-8884-4742-AD98-100F02876141}.Release|Any CPU.Build.0 = Release|Any CPU
		{6DEED55D-E967-4E8B-B4FA-ED08F4C916EC}.Debug|Any CPU.ActiveCfg = Debug|Any CPU
		{6DEED55D-E967-4E8B-B4FA-ED08F4C916EC}.Debug|Any CPU.Build.0 = Debug|Any CPU
		{6DEED55D-E967-4E8B-B4FA-ED08F4C916EC}.Release|Any CPU.ActiveCfg = Release|Any CPU
		{6DEED55D-E967-4E8B-B4FA-ED08F4C916EC}.Release|Any CPU.Build.0 = Release|Any CPU
		{7DA263D6-C172-4383-A02E-DB0614631D1B}.Debug|Any CPU.ActiveCfg = Debug|Any CPU
		{7DA263D6-C172-4383-A02E-DB0614631D1B}.Debug|Any CPU.Build.0 = Debug|Any CPU
		{7DA263D6-C172-4383-A02E-DB0614631D1B}.Release|Any CPU.ActiveCfg = Release|Any CPU
		{7DA263D6-C172-4383-A02E-DB0614631D1B}.Release|Any CPU.Build.0 = Release|Any CPU
	EndGlobalSection
EndGlobal
